// !$*UTF8*$!
{
	archiveVersion = 1;
	classes = {
	};
	objectVersion = 46;
	objects = {

/* Begin PBXBuildFile section */
		9D75DDF318936F3F005D4984 /* Foundation.framework in Frameworks */ = {isa = PBXBuildFile; fileRef = 9D75DDF218936F3F005D4984 /* Foundation.framework */; };
		9D75DDF518936F3F005D4984 /* CoreGraphics.framework in Frameworks */ = {isa = PBXBuildFile; fileRef = 9D75DDF418936F3F005D4984 /* CoreGraphics.framework */; };
		9D75DDF718936F3F005D4984 /* UIKit.framework in Frameworks */ = {isa = PBXBuildFile; fileRef = 9D75DDF618936F3F005D4984 /* UIKit.framework */; };
		9D75DDFD18936F3F005D4984 /* InfoPlist.strings in Resources */ = {isa = PBXBuildFile; fileRef = 9D75DDFB18936F3F005D4984 /* InfoPlist.strings */; };
		9D75DDFF18936F3F005D4984 /* main.m in Sources */ = {isa = PBXBuildFile; fileRef = 9D75DDFE18936F3F005D4984 /* main.m */; };
		9D75DE0318936F3F005D4984 /* MAAppDelegate.m in Sources */ = {isa = PBXBuildFile; fileRef = 9D75DE0218936F3F005D4984 /* MAAppDelegate.m */; };
		9D75DE0618936F3F005D4984 /* Main.storyboard in Resources */ = {isa = PBXBuildFile; fileRef = 9D75DE0418936F3F005D4984 /* Main.storyboard */; };
		9D75DE0918936F3F005D4984 /* MAViewController.m in Sources */ = {isa = PBXBuildFile; fileRef = 9D75DE0818936F3F005D4984 /* MAViewController.m */; };
		9D75DE0B18936F3F005D4984 /* Images.xcassets in Resources */ = {isa = PBXBuildFile; fileRef = 9D75DE0A18936F3F005D4984 /* Images.xcassets */; };
		9D75DE1218936F3F005D4984 /* XCTest.framework in Frameworks */ = {isa = PBXBuildFile; fileRef = 9D75DE1118936F3F005D4984 /* XCTest.framework */; };
		9D75DE1318936F3F005D4984 /* Foundation.framework in Frameworks */ = {isa = PBXBuildFile; fileRef = 9D75DDF218936F3F005D4984 /* Foundation.framework */; };
		9D75DE1418936F3F005D4984 /* UIKit.framework in Frameworks */ = {isa = PBXBuildFile; fileRef = 9D75DDF618936F3F005D4984 /* UIKit.framework */; };
		9D75DE1C18936F3F005D4984 /* InfoPlist.strings in Resources */ = {isa = PBXBuildFile; fileRef = 9D75DE1A18936F3F005D4984 /* InfoPlist.strings */; };
		9D75DE1E18936F3F005D4984 /* MacyTestAssignmentTests.m in Sources */ = {isa = PBXBuildFile; fileRef = 9D75DE1D18936F3F005D4984 /* MacyTestAssignmentTests.m */; };
		9D75DE2A189375A7005D4984 /* MATapsViewController.m in Sources */ = {isa = PBXBuildFile; fileRef = 9D75DE28189375A7005D4984 /* MATapsViewController.m */; };
		9D75DE2B189375A7005D4984 /* MATapsViewController.xib in Resources */ = {isa = PBXBuildFile; fileRef = 9D75DE29189375A7005D4984 /* MATapsViewController.xib */; };
		9D75DE3A1893779E005D4984 /* advertisementBottom.png in Resources */ = {isa = PBXBuildFile; fileRef = 9D75DE2D1893779E005D4984 /* advertisementBottom.png */; };
		9D75DE3B1893779E005D4984 /* advertisementMiddle.png in Resources */ = {isa = PBXBuildFile; fileRef = 9D75DE2E1893779E005D4984 /* advertisementMiddle.png */; };
		9D75DE3C1893779E005D4984 /* barCode.png in Resources */ = {isa = PBXBuildFile; fileRef = 9D75DE2F1893779E005D4984 /* barCode.png */; };
		9D75DE3D1893779E005D4984 /* BarcodeScanner-Instructions.png in Resources */ = {isa = PBXBuildFile; fileRef = 9D75DE301893779E005D4984 /* BarcodeScanner-Instructions.png */; };
		9D75DE3E1893779E005D4984 /* ButtonAccount.png in Resources */ = {isa = PBXBuildFile; fileRef = 9D75DE311893779E005D4984 /* ButtonAccount.png */; };
		9D75DE3F1893779E005D4984 /* ButtonBag.png in Resources */ = {isa = PBXBuildFile; fileRef = 9D75DE321893779E005D4984 /* ButtonBag.png */; };
		9D75DE401893779E005D4984 /* ButtonOffers.png in Resources */ = {isa = PBXBuildFile; fileRef = 9D75DE331893779E005D4984 /* ButtonOffers.png */; };
		9D75DE411893779E005D4984 /* ButtonRegistry.png in Resources */ = {isa = PBXBuildFile; fileRef = 9D75DE341893779E005D4984 /* ButtonRegistry.png */; };
		9D75DE421893779E005D4984 /* ButtonShop.png in Resources */ = {isa = PBXBuildFile; fileRef = 9D75DE351893779E005D4984 /* ButtonShop.png */; };
		9D75DE431893779E005D4984 /* ButtonShopNow.png in Resources */ = {isa = PBXBuildFile; fileRef = 9D75DE361893779E005D4984 /* ButtonShopNow.png */; };
		9D75DE441893779E005D4984 /* ButtonStores.png in Resources */ = {isa = PBXBuildFile; fileRef = 9D75DE371893779E005D4984 /* ButtonStores.png */; };
		9D75DE451893779E005D4984 /* MacysHeader.png in Resources */ = {isa = PBXBuildFile; fileRef = 9D75DE381893779E005D4984 /* MacysHeader.png */; };
		9D75DE461893779E005D4984 /* PromoSales.png in Resources */ = {isa = PBXBuildFile; fileRef = 9D75DE391893779E005D4984 /* PromoSales.png */; };
		9D75DE4918937AC8005D4984 /* MASearchCell.m in Sources */ = {isa = PBXBuildFile; fileRef = 9D75DE4818937AC8005D4984 /* MASearchCell.m */; };
		9D75DE4C1893845C005D4984 /* MAPromotionCell.m in Sources */ = {isa = PBXBuildFile; fileRef = 9D75DE4B1893845C005D4984 /* MAPromotionCell.m */; };
		9D75DE4F18938B75005D4984 /* MAButtonsCell.m in Sources */ = {isa = PBXBuildFile; fileRef = 9D75DE4E18938B75005D4984 /* MAButtonsCell.m */; };
		9D75DE5218938E9C005D4984 /* MAAdvertisementMiddleCell.m in Sources */ = {isa = PBXBuildFile; fileRef = 9D75DE5118938E9C005D4984 /* MAAdvertisementMiddleCell.m */; };
		9D75DE5518939027005D4984 /* MAAdvertisementBottomCell.m in Sources */ = {isa = PBXBuildFile; fileRef = 9D75DE5418939027005D4984 /* MAAdvertisementBottomCell.m */; };
/* End PBXBuildFile section */

/* Begin PBXContainerItemProxy section */
		9D75DE1518936F3F005D4984 /* PBXContainerItemProxy */ = {
			isa = PBXContainerItemProxy;
			containerPortal = 9D75DDE718936F3F005D4984 /* Project object */;
			proxyType = 1;
			remoteGlobalIDString = 9D75DDEE18936F3F005D4984;
			remoteInfo = MacyTestAssignment;
		};
/* End PBXContainerItemProxy section */

/* Begin PBXFileReference section */
		9D75DDEF18936F3F005D4984 /* MacyTestAssignment.app */ = {isa = PBXFileReference; explicitFileType = wrapper.application; includeInIndex = 0; path = MacyTestAssignment.app; sourceTree = BUILT_PRODUCTS_DIR; };
		9D75DDF218936F3F005D4984 /* Foundation.framework */ = {isa = PBXFileReference; lastKnownFileType = wrapper.framework; name = Foundation.framework; path = System/Library/Frameworks/Foundation.framework; sourceTree = SDKROOT; };
		9D75DDF418936F3F005D4984 /* CoreGraphics.framework */ = {isa = PBXFileReference; lastKnownFileType = wrapper.framework; name = CoreGraphics.framework; path = System/Library/Frameworks/CoreGraphics.framework; sourceTree = SDKROOT; };
		9D75DDF618936F3F005D4984 /* UIKit.framework */ = {isa = PBXFileReference; lastKnownFileType = wrapper.framework; name = UIKit.framework; path = System/Library/Frameworks/UIKit.framework; sourceTree = SDKROOT; };
		9D75DDFA18936F3F005D4984 /* MacyTestAssignment-Info.plist */ = {isa = PBXFileReference; lastKnownFileType = text.plist.xml; path = "MacyTestAssignment-Info.plist"; sourceTree = "<group>"; };
		9D75DDFC18936F3F005D4984 /* en */ = {isa = PBXFileReference; lastKnownFileType = text.plist.strings; name = en; path = en.lproj/InfoPlist.strings; sourceTree = "<group>"; };
		9D75DDFE18936F3F005D4984 /* main.m */ = {isa = PBXFileReference; lastKnownFileType = sourcecode.c.objc; path = main.m; sourceTree = "<group>"; };
		9D75DE0018936F3F005D4984 /* MacyTestAssignment-Prefix.pch */ = {isa = PBXFileReference; lastKnownFileType = sourcecode.c.h; path = "MacyTestAssignment-Prefix.pch"; sourceTree = "<group>"; };
		9D75DE0118936F3F005D4984 /* MAAppDelegate.h */ = {isa = PBXFileReference; lastKnownFileType = sourcecode.c.h; path = MAAppDelegate.h; sourceTree = "<group>"; };
		9D75DE0218936F3F005D4984 /* MAAppDelegate.m */ = {isa = PBXFileReference; lastKnownFileType = sourcecode.c.objc; path = MAAppDelegate.m; sourceTree = "<group>"; };
		9D75DE0518936F3F005D4984 /* Base */ = {isa = PBXFileReference; lastKnownFileType = file.storyboard; name = Base; path = Base.lproj/Main.storyboard; sourceTree = "<group>"; };
		9D75DE0718936F3F005D4984 /* MAViewController.h */ = {isa = PBXFileReference; lastKnownFileType = sourcecode.c.h; path = MAViewController.h; sourceTree = "<group>"; };
		9D75DE0818936F3F005D4984 /* MAViewController.m */ = {isa = PBXFileReference; lastKnownFileType = sourcecode.c.objc; path = MAViewController.m; sourceTree = "<group>"; };
		9D75DE0A18936F3F005D4984 /* Images.xcassets */ = {isa = PBXFileReference; lastKnownFileType = folder.assetcatalog; path = Images.xcassets; sourceTree = "<group>"; };
		9D75DE1018936F3F005D4984 /* MacyTestAssignmentTests.xctest */ = {isa = PBXFileReference; explicitFileType = wrapper.cfbundle; includeInIndex = 0; path = MacyTestAssignmentTests.xctest; sourceTree = BUILT_PRODUCTS_DIR; };
		9D75DE1118936F3F005D4984 /* XCTest.framework */ = {isa = PBXFileReference; lastKnownFileType = wrapper.framework; name = XCTest.framework; path = Library/Frameworks/XCTest.framework; sourceTree = DEVELOPER_DIR; };
		9D75DE1918936F3F005D4984 /* MacyTestAssignmentTests-Info.plist */ = {isa = PBXFileReference; lastKnownFileType = text.plist.xml; path = "MacyTestAssignmentTests-Info.plist"; sourceTree = "<group>"; };
		9D75DE1B18936F3F005D4984 /* en */ = {isa = PBXFileReference; lastKnownFileType = text.plist.strings; name = en; path = en.lproj/InfoPlist.strings; sourceTree = "<group>"; };
		9D75DE1D18936F3F005D4984 /* MacyTestAssignmentTests.m */ = {isa = PBXFileReference; lastKnownFileType = sourcecode.c.objc; path = MacyTestAssignmentTests.m; sourceTree = "<group>"; };
		9D75DE27189375A7005D4984 /* MATapsViewController.h */ = {isa = PBXFileReference; fileEncoding = 4; lastKnownFileType = sourcecode.c.h; path = MATapsViewController.h; sourceTree = "<group>"; };
		9D75DE28189375A7005D4984 /* MATapsViewController.m */ = {isa = PBXFileReference; fileEncoding = 4; lastKnownFileType = sourcecode.c.objc; path = MATapsViewController.m; sourceTree = "<group>"; };
		9D75DE29189375A7005D4984 /* MATapsViewController.xib */ = {isa = PBXFileReference; fileEncoding = 4; lastKnownFileType = file.xib; path = MATapsViewController.xib; sourceTree = "<group>"; };
		9D75DE2D1893779E005D4984 /* advertisementBottom.png */ = {isa = PBXFileReference; lastKnownFileType = image.png; path = advertisementBottom.png; sourceTree = "<group>"; };
		9D75DE2E1893779E005D4984 /* advertisementMiddle.png */ = {isa = PBXFileReference; lastKnownFileType = image.png; path = advertisementMiddle.png; sourceTree = "<group>"; };
		9D75DE2F1893779E005D4984 /* barCode.png */ = {isa = PBXFileReference; lastKnownFileType = image.png; path = barCode.png; sourceTree = "<group>"; };
		9D75DE301893779E005D4984 /* BarcodeScanner-Instructions.png */ = {isa = PBXFileReference; lastKnownFileType = image.png; path = "BarcodeScanner-Instructions.png"; sourceTree = "<group>"; };
		9D75DE311893779E005D4984 /* ButtonAccount.png */ = {isa = PBXFileReference; lastKnownFileType = image.png; path = ButtonAccount.png; sourceTree = "<group>"; };
		9D75DE321893779E005D4984 /* ButtonBag.png */ = {isa = PBXFileReference; lastKnownFileType = image.png; path = ButtonBag.png; sourceTree = "<group>"; };
		9D75DE331893779E005D4984 /* ButtonOffers.png */ = {isa = PBXFileReference; lastKnownFileType = image.png; path = ButtonOffers.png; sourceTree = "<group>"; };
		9D75DE341893779E005D4984 /* ButtonRegistry.png */ = {isa = PBXFileReference; lastKnownFileType = image.png; path = ButtonRegistry.png; sourceTree = "<group>"; };
		9D75DE351893779E005D4984 /* ButtonShop.png */ = {isa = PBXFileReference; lastKnownFileType = image.png; path = ButtonShop.png; sourceTree = "<group>"; };
		9D75DE361893779E005D4984 /* ButtonShopNow.png */ = {isa = PBXFileReference; lastKnownFileType = image.png; path = ButtonShopNow.png; sourceTree = "<group>"; };
		9D75DE371893779E005D4984 /* ButtonStores.png */ = {isa = PBXFileReference; lastKnownFileType = image.png; path = ButtonStores.png; sourceTree = "<group>"; };
		9D75DE381893779E005D4984 /* MacysHeader.png */ = {isa = PBXFileReference; lastKnownFileType = image.png; path = MacysHeader.png; sourceTree = "<group>"; };
		9D75DE391893779E005D4984 /* PromoSales.png */ = {isa = PBXFileReference; lastKnownFileType = image.png; path = PromoSales.png; sourceTree = "<group>"; };
		9D75DE4718937AC8005D4984 /* MASearchCell.h */ = {isa = PBXFileReference; fileEncoding = 4; lastKnownFileType = sourcecode.c.h; path = MASearchCell.h; sourceTree = "<group>"; };
		9D75DE4818937AC8005D4984 /* MASearchCell.m */ = {isa = PBXFileReference; fileEncoding = 4; lastKnownFileType = sourcecode.c.objc; path = MASearchCell.m; sourceTree = "<group>"; };
		9D75DE4A1893845C005D4984 /* MAPromotionCell.h */ = {isa = PBXFileReference; fileEncoding = 4; lastKnownFileType = sourcecode.c.h; path = MAPromotionCell.h; sourceTree = "<group>"; };
		9D75DE4B1893845C005D4984 /* MAPromotionCell.m */ = {isa = PBXFileReference; fileEncoding = 4; lastKnownFileType = sourcecode.c.objc; path = MAPromotionCell.m; sourceTree = "<group>"; };
		9D75DE4D18938B75005D4984 /* MAButtonsCell.h */ = {isa = PBXFileReference; fileEncoding = 4; lastKnownFileType = sourcecode.c.h; path = MAButtonsCell.h; sourceTree = "<group>"; };
		9D75DE4E18938B75005D4984 /* MAButtonsCell.m */ = {isa = PBXFileReference; fileEncoding = 4; lastKnownFileType = sourcecode.c.objc; path = MAButtonsCell.m; sourceTree = "<group>"; };
		9D75DE5018938E9C005D4984 /* MAAdvertisementMiddleCell.h */ = {isa = PBXFileReference; fileEncoding = 4; lastKnownFileType = sourcecode.c.h; path = MAAdvertisementMiddleCell.h; sourceTree = "<group>"; };
		9D75DE5118938E9C005D4984 /* MAAdvertisementMiddleCell.m */ = {isa = PBXFileReference; fileEncoding = 4; lastKnownFileType = sourcecode.c.objc; path = MAAdvertisementMiddleCell.m; sourceTree = "<group>"; };
		9D75DE5318939027005D4984 /* MAAdvertisementBottomCell.h */ = {isa = PBXFileReference; fileEncoding = 4; lastKnownFileType = sourcecode.c.h; path = MAAdvertisementBottomCell.h; sourceTree = "<group>"; };
		9D75DE5418939027005D4984 /* MAAdvertisementBottomCell.m */ = {isa = PBXFileReference; fileEncoding = 4; lastKnownFileType = sourcecode.c.objc; path = MAAdvertisementBottomCell.m; sourceTree = "<group>"; };
/* End PBXFileReference section */

/* Begin PBXFrameworksBuildPhase section */
		9D75DDEC18936F3F005D4984 /* Frameworks */ = {
			isa = PBXFrameworksBuildPhase;
			buildActionMask = 2147483647;
			files = (
				9D75DDF518936F3F005D4984 /* CoreGraphics.framework in Frameworks */,
				9D75DDF718936F3F005D4984 /* UIKit.framework in Frameworks */,
				9D75DDF318936F3F005D4984 /* Foundation.framework in Frameworks */,
			);
			runOnlyForDeploymentPostprocessing = 0;
		};
		9D75DE0D18936F3F005D4984 /* Frameworks */ = {
			isa = PBXFrameworksBuildPhase;
			buildActionMask = 2147483647;
			files = (
				9D75DE1218936F3F005D4984 /* XCTest.framework in Frameworks */,
				9D75DE1418936F3F005D4984 /* UIKit.framework in Frameworks */,
				9D75DE1318936F3F005D4984 /* Foundation.framework in Frameworks */,
			);
			runOnlyForDeploymentPostprocessing = 0;
		};
/* End PBXFrameworksBuildPhase section */

/* Begin PBXGroup section */
		9D75DDE618936F3F005D4984 = {
			isa = PBXGroup;
			children = (
				9D75DDF818936F3F005D4984 /* MacyTestAssignment */,
				9D75DE1718936F3F005D4984 /* MacyTestAssignmentTests */,
				9D75DDF118936F3F005D4984 /* Frameworks */,
				9D75DDF018936F3F005D4984 /* Products */,
			);
			sourceTree = "<group>";
		};
		9D75DDF018936F3F005D4984 /* Products */ = {
			isa = PBXGroup;
			children = (
				9D75DDEF18936F3F005D4984 /* MacyTestAssignment.app */,
				9D75DE1018936F3F005D4984 /* MacyTestAssignmentTests.xctest */,
			);
			name = Products;
			sourceTree = "<group>";
		};
		9D75DDF118936F3F005D4984 /* Frameworks */ = {
			isa = PBXGroup;
			children = (
				9D75DDF218936F3F005D4984 /* Foundation.framework */,
				9D75DDF418936F3F005D4984 /* CoreGraphics.framework */,
				9D75DDF618936F3F005D4984 /* UIKit.framework */,
				9D75DE1118936F3F005D4984 /* XCTest.framework */,
			);
			name = Frameworks;
			sourceTree = "<group>";
		};
		9D75DDF818936F3F005D4984 /* MacyTestAssignment */ = {
			isa = PBXGroup;
			children = (
				9D75DE2C18937778005D4984 /* Images */,
				9D75DE0118936F3F005D4984 /* MAAppDelegate.h */,
				9D75DE0218936F3F005D4984 /* MAAppDelegate.m */,
				9D75DE0418936F3F005D4984 /* Main.storyboard */,
				9D75DE0718936F3F005D4984 /* MAViewController.h */,
				9D75DE0818936F3F005D4984 /* MAViewController.m */,
				9D75DE5318939027005D4984 /* MAAdvertisementBottomCell.h */,
				9D75DE5418939027005D4984 /* MAAdvertisementBottomCell.m */,
				9D75DE5018938E9C005D4984 /* MAAdvertisementMiddleCell.h */,
				9D75DE5118938E9C005D4984 /* MAAdvertisementMiddleCell.m */,
				9D75DE4D18938B75005D4984 /* MAButtonsCell.h */,
				9D75DE4E18938B75005D4984 /* MAButtonsCell.m */,
				9D75DE4A1893845C005D4984 /* MAPromotionCell.h */,
				9D75DE4B1893845C005D4984 /* MAPromotionCell.m */,
				9D75DE4718937AC8005D4984 /* MASearchCell.h */,
				9D75DE4818937AC8005D4984 /* MASearchCell.m */,
				9D75DE27189375A7005D4984 /* MATapsViewController.h */,
				9D75DE28189375A7005D4984 /* MATapsViewController.m */,
				9D75DE29189375A7005D4984 /* MATapsViewController.xib */,
				9D75DE0A18936F3F005D4984 /* Images.xcassets */,
				9D75DDF918936F3F005D4984 /* Supporting Files */,
			);
			path = MacyTestAssignment;
			sourceTree = "<group>";
		};
		9D75DDF918936F3F005D4984 /* Supporting Files */ = {
			isa = PBXGroup;
			children = (
				9D75DDFA18936F3F005D4984 /* MacyTestAssignment-Info.plist */,
				9D75DDFB18936F3F005D4984 /* InfoPlist.strings */,
				9D75DDFE18936F3F005D4984 /* main.m */,
				9D75DE0018936F3F005D4984 /* MacyTestAssignment-Prefix.pch */,
			);
			name = "Supporting Files";
			sourceTree = "<group>";
		};
		9D75DE1718936F3F005D4984 /* MacyTestAssignmentTests */ = {
			isa = PBXGroup;
			children = (
				9D75DE1D18936F3F005D4984 /* MacyTestAssignmentTests.m */,
				9D75DE1818936F3F005D4984 /* Supporting Files */,
			);
			path = MacyTestAssignmentTests;
			sourceTree = "<group>";
		};
		9D75DE1818936F3F005D4984 /* Supporting Files */ = {
			isa = PBXGroup;
			children = (
				9D75DE1918936F3F005D4984 /* MacyTestAssignmentTests-Info.plist */,
				9D75DE1A18936F3F005D4984 /* InfoPlist.strings */,
			);
			name = "Supporting Files";
			sourceTree = "<group>";
		};
		9D75DE2C18937778005D4984 /* Images */ = {
			isa = PBXGroup;
			children = (
				9D75DE2D1893779E005D4984 /* advertisementBottom.png */,
				9D75DE2E1893779E005D4984 /* advertisementMiddle.png */,
				9D75DE2F1893779E005D4984 /* barCode.png */,
				9D75DE301893779E005D4984 /* BarcodeScanner-Instructions.png */,
				9D75DE311893779E005D4984 /* ButtonAccount.png */,
				9D75DE321893779E005D4984 /* ButtonBag.png */,
				9D75DE331893779E005D4984 /* ButtonOffers.png */,
				9D75DE341893779E005D4984 /* ButtonRegistry.png */,
				9D75DE351893779E005D4984 /* ButtonShop.png */,
				9D75DE361893779E005D4984 /* ButtonShopNow.png */,
				9D75DE371893779E005D4984 /* ButtonStores.png */,
				9D75DE381893779E005D4984 /* MacysHeader.png */,
				9D75DE391893779E005D4984 /* PromoSales.png */,
			);
			name = Images;
			sourceTree = "<group>";
		};
/* End PBXGroup section */

/* Begin PBXNativeTarget section */
		9D75DDEE18936F3F005D4984 /* MacyTestAssignment */ = {
			isa = PBXNativeTarget;
			buildConfigurationList = 9D75DE2118936F3F005D4984 /* Build configuration list for PBXNativeTarget "MacyTestAssignment" */;
			buildPhases = (
				9D75DDEB18936F3F005D4984 /* Sources */,
				9D75DDEC18936F3F005D4984 /* Frameworks */,
				9D75DDED18936F3F005D4984 /* Resources */,
			);
			buildRules = (
			);
			dependencies = (
			);
			name = MacyTestAssignment;
			productName = MacyTestAssignment;
			productReference = 9D75DDEF18936F3F005D4984 /* MacyTestAssignment.app */;
			productType = "com.apple.product-type.application";
		};
		9D75DE0F18936F3F005D4984 /* MacyTestAssignmentTests */ = {
			isa = PBXNativeTarget;
			buildConfigurationList = 9D75DE2418936F3F005D4984 /* Build configuration list for PBXNativeTarget "MacyTestAssignmentTests" */;
			buildPhases = (
				9D75DE0C18936F3F005D4984 /* Sources */,
				9D75DE0D18936F3F005D4984 /* Frameworks */,
				9D75DE0E18936F3F005D4984 /* Resources */,
			);
			buildRules = (
			);
			dependencies = (
				9D75DE1618936F3F005D4984 /* PBXTargetDependency */,
			);
			name = MacyTestAssignmentTests;
			productName = MacyTestAssignmentTests;
			productReference = 9D75DE1018936F3F005D4984 /* MacyTestAssignmentTests.xctest */;
			productType = "com.apple.product-type.bundle.unit-test";
		};
/* End PBXNativeTarget section */

/* Begin PBXProject section */
		9D75DDE718936F3F005D4984 /* Project object */ = {
			isa = PBXProject;
			attributes = {
				CLASSPREFIX = MA;
				LastUpgradeCheck = 0500;
				ORGANIZATIONNAME = Shruti;
				TargetAttributes = {
					9D75DE0F18936F3F005D4984 = {
						TestTargetID = 9D75DDEE18936F3F005D4984;
					};
				};
			};
			buildConfigurationList = 9D75DDEA18936F3F005D4984 /* Build configuration list for PBXProject "MacyTestAssignment" */;
			compatibilityVersion = "Xcode 3.2";
			developmentRegion = English;
			hasScannedForEncodings = 0;
			knownRegions = (
				en,
				Base,
			);
			mainGroup = 9D75DDE618936F3F005D4984;
			productRefGroup = 9D75DDF018936F3F005D4984 /* Products */;
			projectDirPath = "";
			projectRoot = "";
			targets = (
				9D75DDEE18936F3F005D4984 /* MacyTestAssignment */,
				9D75DE0F18936F3F005D4984 /* MacyTestAssignmentTests */,
			);
		};
/* End PBXProject section */

/* Begin PBXResourcesBuildPhase section */
		9D75DDED18936F3F005D4984 /* Resources */ = {
			isa = PBXResourcesBuildPhase;
			buildActionMask = 2147483647;
			files = (
				9D75DE3F1893779E005D4984 /* ButtonBag.png in Resources */,
				9D75DE3B1893779E005D4984 /* advertisementMiddle.png in Resources */,
				9D75DE431893779E005D4984 /* ButtonShopNow.png in Resources */,
				9D75DE401893779E005D4984 /* ButtonOffers.png in Resources */,
				9D75DE0B18936F3F005D4984 /* Images.xcassets in Resources */,
				9D75DDFD18936F3F005D4984 /* InfoPlist.strings in Resources */,
				9D75DE3A1893779E005D4984 /* advertisementBottom.png in Resources */,
				9D75DE2B189375A7005D4984 /* MATapsViewController.xib in Resources */,
				9D75DE451893779E005D4984 /* MacysHeader.png in Resources */,
				9D75DE0618936F3F005D4984 /* Main.storyboard in Resources */,
				9D75DE3D1893779E005D4984 /* BarcodeScanner-Instructions.png in Resources */,
				9D75DE3C1893779E005D4984 /* barCode.png in Resources */,
				9D75DE421893779E005D4984 /* ButtonShop.png in Resources */,
				9D75DE411893779E005D4984 /* ButtonRegistry.png in Resources */,
				9D75DE3E1893779E005D4984 /* ButtonAccount.png in Resources */,
				9D75DE441893779E005D4984 /* ButtonStores.png in Resources */,
				9D75DE461893779E005D4984 /* PromoSales.png in Resources */,
			);
			runOnlyForDeploymentPostprocessing = 0;
		};
		9D75DE0E18936F3F005D4984 /* Resources */ = {
			isa = PBXResourcesBuildPhase;
			buildActionMask = 2147483647;
			files = (
				9D75DE1C18936F3F005D4984 /* InfoPlist.strings in Resources */,
			);
			runOnlyForDeploymentPostprocessing = 0;
		};
/* End PBXResourcesBuildPhase section */

/* Begin PBXSourcesBuildPhase section */
		9D75DDEB18936F3F005D4984 /* Sources */ = {
			isa = PBXSourcesBuildPhase;
			buildActionMask = 2147483647;
			files = (
				9D75DE0318936F3F005D4984 /* MAAppDelegate.m in Sources */,
				9D75DE0918936F3F005D4984 /* MAViewController.m in Sources */,
				9D75DE5518939027005D4984 /* MAAdvertisementBottomCell.m in Sources */,
				9D75DE4F18938B75005D4984 /* MAButtonsCell.m in Sources */,
				9D75DE4918937AC8005D4984 /* MASearchCell.m in Sources */,
				9D75DE4C1893845C005D4984 /* MAPromotionCell.m in Sources */,
				9D75DE2A189375A7005D4984 /* MATapsViewController.m in Sources */,
				9D75DE5218938E9C005D4984 /* MAAdvertisementMiddleCell.m in Sources */,
				9D75DDFF18936F3F005D4984 /* main.m in Sources */,
			);
			runOnlyForDeploymentPostprocessing = 0;
		};
		9D75DE0C18936F3F005D4984 /* Sources */ = {
			isa = PBXSourcesBuildPhase;
			buildActionMask = 2147483647;
			files = (
				9D75DE1E18936F3F005D4984 /* MacyTestAssignmentTests.m in Sources */,
			);
			runOnlyForDeploymentPostprocessing = 0;
		};
/* End PBXSourcesBuildPhase section */

/* Begin PBXTargetDependency section */
		9D75DE1618936F3F005D4984 /* PBXTargetDependency */ = {
			isa = PBXTargetDependency;
			target = 9D75DDEE18936F3F005D4984 /* MacyTestAssignment */;
			targetProxy = 9D75DE1518936F3F005D4984 /* PBXContainerItemProxy */;
		};
/* End PBXTargetDependency section */

/* Begin PBXVariantGroup section */
		9D75DDFB18936F3F005D4984 /* InfoPlist.strings */ = {
			isa = PBXVariantGroup;
			children = (
				9D75DDFC18936F3F005D4984 /* en */,
			);
			name = InfoPlist.strings;
			sourceTree = "<group>";
		};
		9D75DE0418936F3F005D4984 /* Main.storyboard */ = {
			isa = PBXVariantGroup;
			children = (
				9D75DE0518936F3F005D4984 /* Base */,
			);
			name = Main.storyboard;
			sourceTree = "<group>";
		};
		9D75DE1A18936F3F005D4984 /* InfoPlist.strings */ = {
			isa = PBXVariantGroup;
			children = (
				9D75DE1B18936F3F005D4984 /* en */,
			);
			name = InfoPlist.strings;
			sourceTree = "<group>";
		};
/* End PBXVariantGroup section */

/* Begin XCBuildConfiguration section */
		9D75DE1F18936F3F005D4984 /* Debug */ = {
			isa = XCBuildConfiguration;
			buildSettings = {
				ALWAYS_SEARCH_USER_PATHS = NO;
				ARCHS = "$(ARCHS_STANDARD_INCLUDING_64_BIT)";
				CLANG_CXX_LANGUAGE_STANDARD = "gnu++0x";
				CLANG_CXX_LIBRARY = "libc++";
				CLANG_ENABLE_MODULES = YES;
				CLANG_ENABLE_OBJC_ARC = YES;
				CLANG_WARN_BOOL_CONVERSION = YES;
				CLANG_WARN_CONSTANT_CONVERSION = YES;
				CLANG_WARN_DIRECT_OBJC_ISA_USAGE = YES_ERROR;
				CLANG_WARN_EMPTY_BODY = YES;
				CLANG_WARN_ENUM_CONVERSION = YES;
				CLANG_WARN_INT_CONVERSION = YES;
				CLANG_WARN_OBJC_ROOT_CLASS = YES_ERROR;
				CLANG_WARN__DUPLICATE_METHOD_MATCH = YES;
				"CODE_SIGN_IDENTITY[sdk=iphoneos*]" = "iPhone Developer";
				COPY_PHASE_STRIP = NO;
				GCC_C_LANGUAGE_STANDARD = gnu99;
				GCC_DYNAMIC_NO_PIC = NO;
				GCC_OPTIMIZATION_LEVEL = 0;
				GCC_PREPROCESSOR_DEFINITIONS = (
					"DEBUG=1",
					"$(inherited)",
				);
				GCC_SYMBOLS_PRIVATE_EXTERN = NO;
				GCC_WARN_64_TO_32_BIT_CONVERSION = YES;
				GCC_WARN_ABOUT_RETURN_TYPE = YES_ERROR;
				GCC_WARN_UNDECLARED_SELECTOR = YES;
				GCC_WARN_UNINITIALIZED_AUTOS = YES;
				GCC_WARN_UNUSED_FUNCTION = YES;
				GCC_WARN_UNUSED_VARIABLE = YES;
				IPHONEOS_DEPLOYMENT_TARGET = 7.0;
				ONLY_ACTIVE_ARCH = YES;
				SDKROOT = iphoneos;
			};
			name = Debug;
		};
		9D75DE2018936F3F005D4984 /* Release */ = {
			isa = XCBuildConfiguration;
			buildSettings = {
				ALWAYS_SEARCH_USER_PATHS = NO;
				ARCHS = "$(ARCHS_STANDARD_INCLUDING_64_BIT)";
				CLANG_CXX_LANGUAGE_STANDARD = "gnu++0x";
				CLANG_CXX_LIBRARY = "libc++";
				CLANG_ENABLE_MODULES = YES;
				CLANG_ENABLE_OBJC_ARC = YES;
				CLANG_WARN_BOOL_CONVERSION = YES;
				CLANG_WARN_CONSTANT_CONVERSION = YES;
				CLANG_WARN_DIRECT_OBJC_ISA_USAGE = YES_ERROR;
				CLANG_WARN_EMPTY_BODY = YES;
				CLANG_WARN_ENUM_CONVERSION = YES;
				CLANG_WARN_INT_CONVERSION = YES;
				CLANG_WARN_OBJC_ROOT_CLASS = YES_ERROR;
				CLANG_WARN__DUPLICATE_METHOD_MATCH = YES;
				"CODE_SIGN_IDENTITY[sdk=iphoneos*]" = "iPhone Developer";
				COPY_PHASE_STRIP = YES;
				ENABLE_NS_ASSERTIONS = NO;
				GCC_C_LANGUAGE_STANDARD = gnu99;
				GCC_WARN_64_TO_32_BIT_CONVERSION = YES;
				GCC_WARN_ABOUT_RETURN_TYPE = YES_ERROR;
				GCC_WARN_UNDECLARED_SELECTOR = YES;
				GCC_WARN_UNINITIALIZED_AUTOS = YES;
				GCC_WARN_UNUSED_FUNCTION = YES;
				GCC_WARN_UNUSED_VARIABLE = YES;
				IPHONEOS_DEPLOYMENT_TARGET = 7.0;
				SDKROOT = iphoneos;
				VALIDATE_PRODUCT = YES;
			};
			name = Release;
		};
		9D75DE2218936F3F005D4984 /* Debug */ = {
			isa = XCBuildConfiguration;
			buildSettings = {
				ASSETCATALOG_COMPILER_APPICON_NAME = AppIcon;
				ASSETCATALOG_COMPILER_LAUNCHIMAGE_NAME = LaunchImage;
				GCC_PRECOMPILE_PREFIX_HEADER = YES;
				GCC_PREFIX_HEADER = "MacyTestAssignment/MacyTestAssignment-Prefix.pch";
				INFOPLIST_FILE = "MacyTestAssignment/MacyTestAssignment-Info.plist";
				PRODUCT_NAME = "$(TARGET_NAME)";
				WRAPPER_EXTENSION = app;
			};
			name = Debug;
		};
		9D75DE2318936F3F005D4984 /* Release */ = {
			isa = XCBuildConfiguration;
			buildSettings = {
				ASSETCATALOG_COMPILER_APPICON_NAME = AppIcon;
				ASSETCATALOG_COMPILER_LAUNCHIMAGE_NAME = LaunchImage;
				GCC_PRECOMPILE_PREFIX_HEADER = YES;
				GCC_PREFIX_HEADER = "MacyTestAssignment/MacyTestAssignment-Prefix.pch";
				INFOPLIST_FILE = "MacyTestAssignment/MacyTestAssignment-Info.plist";
				PRODUCT_NAME = "$(TARGET_NAME)";
				WRAPPER_EXTENSION = app;
			};
			name = Release;
		};
		9D75DE2518936F3F005D4984 /* Debug */ = {
			isa = XCBuildConfiguration;
			buildSettings = {
				ARCHS = "$(ARCHS_STANDARD_INCLUDING_64_BIT)";
				BUNDLE_LOADER = "$(BUILT_PRODUCTS_DIR)/MacyTestAssignment.app/MacyTestAssignment";
				FRAMEWORK_SEARCH_PATHS = (
					"$(SDKROOT)/Developer/Library/Frameworks",
					"$(inherited)",
					"$(DEVELOPER_FRAMEWORKS_DIR)",
				);
				GCC_PRECOMPILE_PREFIX_HEADER = YES;
				GCC_PREFIX_HEADER = "MacyTestAssignment/MacyTestAssignment-Prefix.pch";
				GCC_PREPROCESSOR_DEFINITIONS = (
					"DEBUG=1",
					"$(inherited)",
				);
				INFOPLIST_FILE = "MacyTestAssignmentTests/MacyTestAssignmentTests-Info.plist";
				PRODUCT_NAME = "$(TARGET_NAME)";
				TEST_HOST = "$(BUNDLE_LOADER)";
				WRAPPER_EXTENSION = xctest;
			};
			name = Debug;
		};
		9D75DE2618936F3F005D4984 /* Release */ = {
			isa = XCBuildConfiguration;
			buildSettings = {
				ARCHS = "$(ARCHS_STANDARD_INCLUDING_64_BIT)";
				BUNDLE_LOADER = "$(BUILT_PRODUCTS_DIR)/MacyTestAssignment.app/MacyTestAssignment";
				FRAMEWORK_SEARCH_PATHS = (
					"$(SDKROOT)/Developer/Library/Frameworks",
					"$(inherited)",
					"$(DEVELOPER_FRAMEWORKS_DIR)",
				);
				GCC_PRECOMPILE_PREFIX_HEADER = YES;
				GCC_PREFIX_HEADER = "MacyTestAssignment/MacyTestAssignment-Prefix.pch";
				INFOPLIST_FILE = "MacyTestAssignmentTests/MacyTestAssignmentTests-Info.plist";
				PRODUCT_NAME = "$(TARGET_NAME)";
				TEST_HOST = "$(BUNDLE_LOADER)";
				WRAPPER_EXTENSION = xctest;
			};
			name = Release;
		};
/* End XCBuildConfiguration section */

/* Begin XCConfigurationList section */
		9D75DDEA18936F3F005D4984 /* Build configuration list for PBXProject "MacyTestAssignment" */ = {
			isa = XCConfigurationList;
			buildConfigurations = (
				9D75DE1F18936F3F005D4984 /* Debug */,
				9D75DE2018936F3F005D4984 /* Release */,
			);
			defaultConfigurationIsVisible = 0;
			defaultConfigurationName = Release;
		};
		9D75DE2118936F3F005D4984 /* Build configuration list for PBXNativeTarget "MacyTestAssignment" */ = {
			isa = XCConfigurationList;
			buildConfigurations = (
				9D75DE2218936F3F005D4984 /* Debug */,
				9D75DE2318936F3F005D4984 /* Release */,
			);
			defaultConfigurationIsVisible = 0;
			defaultConfigurationName = Release;
		};
		9D75DE2418936F3F005D4984 /* Build configuration list for PBXNativeTarget "MacyTestAssignmentTests" */ = {
			isa = XCConfigurationList;
			buildConfigurations = (
				9D75DE2518936F3F005D4984 /* Debug */,
				9D75DE2618936F3F005D4984 /* Release */,
			);
			defaultConfigurationIsVisible = 0;
			defaultConfigurationName = Release;
		};
/* End XCConfigurationList section */
	};
	rootObject = 9D75DDE718936F3F005D4984 /* Project object */;
}
